
Microsoft Visual Studio Solution File, Format Version 12.00
# Visual Studio Version 16
VisualStudioVersion = 16.0.30128.74
MinimumVisualStudioVersion = 10.0.40219.1
Project("{888888A0-9F3D-457C-B088-3A5042F75D52}") = "Lab8", "Lab8\Lab8.pyproj", "{BAB9ACCD-D655-4D13-8557-8015AE418637}"
EndProject
Global
	GlobalSection(SolutionConfigurationPlatforms) = preSolution
		Debug|Any CPU = Debug|Any CPU
		Release|Any CPU = Release|Any CPU
	EndGlobalSection
	GlobalSection(ProjectConfigurationPlatforms) = postSolution
		{BAB9ACCD-D655-4D13-8557-8015AE418637}.Debug|Any CPU.ActiveCfg = Debug|Any CPU
		{BAB9ACCD-D655-4D13-8557-8015AE418637}.Release|Any CPU.ActiveCfg = Release|Any CPU
	EndGlobalSection
	GlobalSection(SolutionProperties) = preSolution
		HideSolutionNode = FALSE
	EndGlobalSection
	GlobalSection(ExtensibilityGlobals) = postSolution
		SolutionGuid = {87D5A1A5-CDC0-4D84-A3E9-451F4F5ED64F}
	EndGlobalSection
EndGlobal
