
Microsoft Visual Studio Solution File, Format Version 12.00
# Visual Studio Version 16
VisualStudioVersion = 16.0.31729.503
MinimumVisualStudioVersion = 10.0.40219.1
Project("{888888A0-9F3D-457C-B088-3A5042F75D52}") = "Lab12", "Lab12.pyproj", "{7C3E1D32-96EC-4B23-8849-E3793ECEC29D}"
EndProject
Global
	GlobalSection(SolutionConfigurationPlatforms) = preSolution
		Debug|Any CPU = Debug|Any CPU
		Release|Any CPU = Release|Any CPU
	EndGlobalSection
	GlobalSection(ProjectConfigurationPlatforms) = postSolution
		{7C3E1D32-96EC-4B23-8849-E3793ECEC29D}.Debug|Any CPU.ActiveCfg = Debug|Any CPU
		{7C3E1D32-96EC-4B23-8849-E3793ECEC29D}.Release|Any CPU.ActiveCfg = Release|Any CPU
	EndGlobalSection
	GlobalSection(SolutionProperties) = preSolution
		HideSolutionNode = FALSE
	EndGlobalSection
	GlobalSection(ExtensibilityGlobals) = postSolution
		SolutionGuid = {2E1D3D50-98CA-41C0-903A-C86EC58ED582}
	EndGlobalSection
EndGlobal
