
Microsoft Visual Studio Solution File, Format Version 12.00
# Visual Studio Version 16
VisualStudioVersion = 16.0.31624.102
MinimumVisualStudioVersion = 10.0.40219.1
Project("{888888A0-9F3D-457C-B088-3A5042F75D52}") = "Lab11", "Lab11\Lab11.pyproj", "{961BBD00-C843-49CE-9E40-7943C43B6D55}"
EndProject
Global
	GlobalSection(SolutionConfigurationPlatforms) = preSolution
		Debug|Any CPU = Debug|Any CPU
		Release|Any CPU = Release|Any CPU
	EndGlobalSection
	GlobalSection(ProjectConfigurationPlatforms) = postSolution
		{961BBD00-C843-49CE-9E40-7943C43B6D55}.Debug|Any CPU.ActiveCfg = Debug|Any CPU
		{961BBD00-C843-49CE-9E40-7943C43B6D55}.Release|Any CPU.ActiveCfg = Release|Any CPU
	EndGlobalSection
	GlobalSection(SolutionProperties) = preSolution
		HideSolutionNode = FALSE
	EndGlobalSection
	GlobalSection(ExtensibilityGlobals) = postSolution
		SolutionGuid = {A06DEB51-5B19-4F61-A963-8FDB7DE49067}
	EndGlobalSection
EndGlobal
